
Microsoft Visual Studio Solution File, Format Version 12.00
# Visual Studio Version 17
VisualStudioVersion = 17.8.34330.188
MinimumVisualStudioVersion = 10.0.40219.1
Project("{FAE04EC0-301F-11D3-BF4B-00C04F79EFBC}") = "ResendEmailAPI", "ResendEmailAPI\ResendEmailAPI.csproj", "{388FA656-4700-48BD-A220-0E5DB911F4AF}"
EndProject
Global
	GlobalSection(SolutionConfigurationPlatforms) = preSolution
		Debug|Any CPU = Debug|Any CPU
		Release|Any CPU = Release|Any CPU
	EndGlobalSection
	GlobalSection(ProjectConfigurationPlatforms) = postSolution
		{388FA656-4700-48BD-A220-0E5DB911F4AF}.Debug|Any CPU.ActiveCfg = Debug|Any CPU
		{388FA656-4700-48BD-A220-0E5DB911F4AF}.Debug|Any CPU.Build.0 = Debug|Any CPU
		{388FA656-4700-48BD-A220-0E5DB911F4AF}.Release|Any CPU.ActiveCfg = Release|Any CPU
		{388FA656-4700-48BD-A220-0E5DB911F4AF}.Release|Any CPU.Build.0 = Release|Any CPU
	EndGlobalSection
	GlobalSection(SolutionProperties) = preSolution
		HideSolutionNode = FALSE
	EndGlobalSection
	GlobalSection(ExtensibilityGlobals) = postSolution
		SolutionGuid = {67BE168B-40C2-41A0-8B17-16A0018A4670}
	EndGlobalSection
EndGlobal
